
Microsoft Visual Studio Solution File, Format Version 12.00
# Visual Studio Version 17
VisualStudioVersion = 17.9.34607.119
MinimumVisualStudioVersion = 10.0.40219.1
Project("{9A19103F-16F7-4668-BE54-9A1E7A4F7556}") = "ExifDataModifier", "ExifDataModifier\ExifDataModifier.csproj", "{D84FD350-279C-4F38-A2A6-4FD33CF9EFE6}"
EndProject
Global
	GlobalSection(SolutionConfigurationPlatforms) = preSolution
		Debug|Any CPU = Debug|Any CPU
		Debug|x64 = Debug|x64
		Release|Any CPU = Release|Any CPU
		Release|x64 = Release|x64
	EndGlobalSection
	GlobalSection(ProjectConfigurationPlatforms) = postSolution
		{D84FD350-279C-4F38-A2A6-4FD33CF9EFE6}.Debug|Any CPU.ActiveCfg = Debug|Any CPU
		{D84FD350-279C-4F38-A2A6-4FD33CF9EFE6}.Debug|Any CPU.Build.0 = Debug|Any CPU
		{D84FD350-279C-4F38-A2A6-4FD33CF9EFE6}.Debug|x64.ActiveCfg = Debug|Any CPU
		{D84FD350-279C-4F38-A2A6-4FD33CF9EFE6}.Debug|x64.Build.0 = Debug|Any CPU
		{D84FD350-279C-4F38-A2A6-4FD33CF9EFE6}.Release|Any CPU.ActiveCfg = Release|Any CPU
		{D84FD350-279C-4F38-A2A6-4FD33CF9EFE6}.Release|Any CPU.Build.0 = Release|Any CPU
		{D84FD350-279C-4F38-A2A6-4FD33CF9EFE6}.Release|x64.ActiveCfg = Release|x64
		{D84FD350-279C-4F38-A2A6-4FD33CF9EFE6}.Release|x64.Build.0 = Release|x64
	EndGlobalSection
	GlobalSection(SolutionProperties) = preSolution
		HideSolutionNode = FALSE
	EndGlobalSection
	GlobalSection(ExtensibilityGlobals) = postSolution
		SolutionGuid = {8CEF1A60-C6E9-4669-8571-C8143C230D1A}
	EndGlobalSection
EndGlobal
