
Microsoft Visual Studio Solution File, Format Version 12.00
# Visual Studio Version 17
VisualStudioVersion = 17.9.34607.119
MinimumVisualStudioVersion = 10.0.40219.1
Project("{FAE04EC0-301F-11D3-BF4B-00C04F79EFBC}") = "ExifDataModifier", "ExifDataModifier\ExifDataModifier.csproj", "{D84FD350-279C-4F38-A2A6-4FD33CF9EFE6}"
EndProject
Global
	GlobalSection(SolutionConfigurationPlatforms) = preSolution
		Debug|Any CPU = Debug|Any CPU
		Release|Any CPU = Release|Any CPU
	EndGlobalSection
	GlobalSection(ProjectConfigurationPlatforms) = postSolution
		{D84FD350-279C-4F38-A2A6-4FD33CF9EFE6}.Debug|Any CPU.ActiveCfg = Debug|Any CPU
		{D84FD350-279C-4F38-A2A6-4FD33CF9EFE6}.Debug|Any CPU.Build.0 = Debug|Any CPU
		{D84FD350-279C-4F38-A2A6-4FD33CF9EFE6}.Release|Any CPU.ActiveCfg = Release|Any CPU
		{D84FD350-279C-4F38-A2A6-4FD33CF9EFE6}.Release|Any CPU.Build.0 = Release|Any CPU
	EndGlobalSection
	GlobalSection(SolutionProperties) = preSolution
		HideSolutionNode = FALSE
	EndGlobalSection
	GlobalSection(ExtensibilityGlobals) = postSolution
		SolutionGuid = {8CEF1A60-C6E9-4669-8571-C8143C230D1A}
	EndGlobalSection
EndGlobal
